PODS:
  - AFNetworking (3.1.0):
    - AFNetworking/NSURLSession (= 3.1.0)
    - AFNetworking/Reachability (= 3.1.0)
    - AFNetworking/Security (= 3.1.0)
    - AFNetworking/Serialization (= 3.1.0)
    - AFNetworking/UIKit (= 3.1.0)
  - AFNetworking/NSURLSession (3.1.0):
    - AFNetworking/Reachability
    - AFNetworking/Security
    - AFNetworking/Serialization
  - AFNetworking/Reachability (3.1.0)
  - AFNetworking/Security (3.1.0)
  - AFNetworking/Serialization (3.1.0)
  - AFNetworking/UIKit (3.1.0):
    - AFNetworking/NSURLSession
  - FMDB (2.6.2):
    - FMDB/standard (= 2.6.2)
  - FMDB/standard (2.6.2)
  - HHAlertView (0.1.0)
  - IQKeyboardManager (4.0.8)
  - JSONModel (1.7.0)
  - Masonry (1.0.2)
  - MBProgressHUD (0.9.2)
  - MJRefresh (3.1.12)
  - MOBFoundation (2.2.13)
  - OpenUDID (1.0.0)
  - pop (1.0.9)
  - ReactiveObjC (3.0.0)
  - SDWebImage (4.0.0):
    - SDWebImage/Core (= 4.0.0)
  - SDWebImage/Core (4.0.0)
  - ShareSDK3 (3.6.0):
    - MOBFoundation
    - ShareSDK3/ShareSDK (= 3.6.0)
  - ShareSDK3/ShareSDK (3.6.0):
    - MOBFoundation
  - ShareSDK3/ShareSDKExtension (3.6.0):
    - MOBFoundation
  - ShareSDK3/ShareSDKPlatforms/Copy (3.6.0):
    - MOBFoundation
  - ShareSDK3/ShareSDKPlatforms/Mail (3.6.0):
    - MOBFoundation
  - ShareSDK3/ShareSDKPlatforms/QQ (3.6.0):
    - MOBFoundation
  - ShareSDK3/ShareSDKPlatforms/SinaWeibo (3.6.0):
    - MOBFoundation
  - ShareSDK3/ShareSDKPlatforms/SMS (3.6.0):
    - MOBFoundation
  - ShareSDK3/ShareSDKPlatforms/WeChat (3.6.0):
    - MOBFoundation
  - ShareSDK3/ShareSDKUI (3.6.0):
    - MOBFoundation
  - UMengAnalytics (4.2.4)
  - YYModel (1.0.4)

DEPENDENCIES:
  - AFNetworking
  - FMDB (~> 2.6.2)
  - HHAlertView (~> 0.1.0)
  - IQKeyboardManager
  - JSONModel
  - Masonry
  - MBProgressHUD (~> 0.9.2)
  - MJRefresh (~> 3.1.0)
  - MOBFoundation
  - OpenUDID (~> 1.0.0)
  - pop (~> 1.0.8)
  - ReactiveObjC (~> 3.0.0)
  - SDWebImage
  - ShareSDK3
  - ShareSDK3/ShareSDKExtension
  - ShareSDK3/ShareSDKPlatforms/Copy
  - ShareSDK3/ShareSDKPlatforms/Mail
  - ShareSDK3/ShareSDKPlatforms/QQ
  - ShareSDK3/ShareSDKPlatforms/SinaWeibo
  - ShareSDK3/ShareSDKPlatforms/SMS
  - ShareSDK3/ShareSDKPlatforms/WeChat
  - ShareSDK3/ShareSDKUI
  - UMengAnalytics
  - YYModel

SPEC CHECKSUMS:
  AFNetworking: 5e0e199f73d8626b11e79750991f5d173d1f8b67
  FMDB: 854a0341b4726e53276f2a8996f06f1b80f9259a
  HHAlertView: 043766460ca18236a1e2fbbbdb396318d304d43d
  IQKeyboardManager: 1a8189fa153bf09044355ee0ad36826f6767e7f7
  JSONModel: 840bc0fcffb24b8454d2c026bf26fea454b8e98d
  Masonry: 7c429b56da9d4ee0bbb3ed77a5ea710d6a5df39e
  MBProgressHUD: 1569cf7ace17a8bac47aabfbb8580a49690386d1
  MJRefresh: b96cdb21c4aa75a7b07654311ab2f315c497e806
  MOBFoundation: 1db1fdc4f1cf9130277cd01f66d6ee7d42a32510
  OpenUDID: e7cb6984c7304906ad20f3a36bf087b025896b6b
  pop: f667631a5108a2e60d9e8797c9b32ddaf2080bce
  ReactiveObjC: ce79989e8684b9086b5f8d0c74bc7b81a8729c9e
  SDWebImage: 76a6348bdc74eb5a55dd08a091ef298e56b55e41
  ShareSDK3: f3cf584b1e753cce25535ac8161d0e3557e9b406
  UMengAnalytics: ef8d45f94c0e5771dc364cf6a5731d9d3b101da2
  YYModel: 2a7fdd96aaa4b86a824e26d0c517de8928c04b30

PODFILE CHECKSUM: 3b5a6b41a8ce3234ed10362dd411599642125e1a

COCOAPODS: 1.2.1
